
Microsoft Visual Studio Solution File, Format Version 12.00
# Visual Studio Version 17
VisualStudioVersion = 17.0.31903.59
MinimumVisualStudioVersion = 10.0.40219.1
Project("{9A19103F-16F7-4668-BE54-9A1E7A4F7556}") = "API", "API\API.csproj", "{80E89D0A-1EC4-4FBE-9F5D-80E4FB94A10F}"
EndProject
Project("{9A19103F-16F7-4668-BE54-9A1E7A4F7556}") = "Application", "Application\Application.csproj", "{221A849C-EE7E-42E8-9255-FB3ABEEB7B87}"
EndProject
Project("{9A19103F-16F7-4668-BE54-9A1E7A4F7556}") = "Domain", "Domain\Domain.csproj", "{D1EFE6C7-87CC-4C12-855D-BFE71D6E1064}"
EndProject
Project("{9A19103F-16F7-4668-BE54-9A1E7A4F7556}") = "Persistence", "Persistence\Persistence.csproj", "{E091FED4-2DC8-414E-96EA-022AF7367AC0}"
EndProject
Project("{54A90642-561A-4BB1-A94E-469ADEE60C69}") = "client-app", "client-app\client-app.esproj", "{760CA20B-CD47-4B95-999C-3CE97DDDA836}"
EndProject
Global
	GlobalSection(SolutionConfigurationPlatforms) = preSolution
		Debug|Any CPU = Debug|Any CPU
		Release|Any CPU = Release|Any CPU
	EndGlobalSection
	GlobalSection(ProjectConfigurationPlatforms) = postSolution
		{80E89D0A-1EC4-4FBE-9F5D-80E4FB94A10F}.Debug|Any CPU.ActiveCfg = Debug|Any CPU
		{80E89D0A-1EC4-4FBE-9F5D-80E4FB94A10F}.Debug|Any CPU.Build.0 = Debug|Any CPU
		{80E89D0A-1EC4-4FBE-9F5D-80E4FB94A10F}.Release|Any CPU.ActiveCfg = Release|Any CPU
		{80E89D0A-1EC4-4FBE-9F5D-80E4FB94A10F}.Release|Any CPU.Build.0 = Release|Any CPU
		{221A849C-EE7E-42E8-9255-FB3ABEEB7B87}.Debug|Any CPU.ActiveCfg = Debug|Any CPU
		{221A849C-EE7E-42E8-9255-FB3ABEEB7B87}.Debug|Any CPU.Build.0 = Debug|Any CPU
		{221A849C-EE7E-42E8-9255-FB3ABEEB7B87}.Release|Any CPU.ActiveCfg = Release|Any CPU
		{221A849C-EE7E-42E8-9255-FB3ABEEB7B87}.Release|Any CPU.Build.0 = Release|Any CPU
		{D1EFE6C7-87CC-4C12-855D-BFE71D6E1064}.Debug|Any CPU.ActiveCfg = Debug|Any CPU
		{D1EFE6C7-87CC-4C12-855D-BFE71D6E1064}.Debug|Any CPU.Build.0 = Debug|Any CPU
		{D1EFE6C7-87CC-4C12-855D-BFE71D6E1064}.Release|Any CPU.ActiveCfg = Release|Any CPU
		{D1EFE6C7-87CC-4C12-855D-BFE71D6E1064}.Release|Any CPU.Build.0 = Release|Any CPU
		{E091FED4-2DC8-414E-96EA-022AF7367AC0}.Debug|Any CPU.ActiveCfg = Debug|Any CPU
		{E091FED4-2DC8-414E-96EA-022AF7367AC0}.Debug|Any CPU.Build.0 = Debug|Any CPU
		{E091FED4-2DC8-414E-96EA-022AF7367AC0}.Release|Any CPU.ActiveCfg = Release|Any CPU
		{E091FED4-2DC8-414E-96EA-022AF7367AC0}.Release|Any CPU.Build.0 = Release|Any CPU
		{760CA20B-CD47-4B95-999C-3CE97DDDA836}.Debug|Any CPU.ActiveCfg = Debug|Any CPU
		{760CA20B-CD47-4B95-999C-3CE97DDDA836}.Debug|Any CPU.Build.0 = Debug|Any CPU
		{760CA20B-CD47-4B95-999C-3CE97DDDA836}.Debug|Any CPU.Deploy.0 = Debug|Any CPU
		{760CA20B-CD47-4B95-999C-3CE97DDDA836}.Release|Any CPU.ActiveCfg = Release|Any CPU
		{760CA20B-CD47-4B95-999C-3CE97DDDA836}.Release|Any CPU.Build.0 = Release|Any CPU
		{760CA20B-CD47-4B95-999C-3CE97DDDA836}.Release|Any CPU.Deploy.0 = Release|Any CPU
	EndGlobalSection
	GlobalSection(SolutionProperties) = preSolution
		HideSolutionNode = FALSE
	EndGlobalSection
EndGlobal
